
Microsoft Visual Studio Solution File, Format Version 12.00
# Visual Studio Version 16
VisualStudioVersion = 16.0.30709.132
MinimumVisualStudioVersion = 10.0.40219.1
Project("{FAE04EC0-301F-11D3-BF4B-00C04F79EFBC}") = "Scavenger", "Scavenger\Scavenger.csproj", "{9D7ECEC4-5AAB-41DF-BC24-707359E722D4}"
EndProject
Global
	GlobalSection(SolutionConfigurationPlatforms) = preSolution
		Debug|Any CPU = Debug|Any CPU
		Release|Any CPU = Release|Any CPU
	EndGlobalSection
	GlobalSection(ProjectConfigurationPlatforms) = postSolution
		{9D7ECEC4-5AAB-41DF-BC24-707359E722D4}.Debug|Any CPU.ActiveCfg = Debug|Any CPU
		{9D7ECEC4-5AAB-41DF-BC24-707359E722D4}.Debug|Any CPU.Build.0 = Debug|Any CPU
		{9D7ECEC4-5AAB-41DF-BC24-707359E722D4}.Release|Any CPU.ActiveCfg = Release|Any CPU
		{9D7ECEC4-5AAB-41DF-BC24-707359E722D4}.Release|Any CPU.Build.0 = Release|Any CPU
	EndGlobalSection
	GlobalSection(SolutionProperties) = preSolution
		HideSolutionNode = FALSE
	EndGlobalSection
	GlobalSection(ExtensibilityGlobals) = postSolution
		SolutionGuid = {B05DAF0B-CA58-4D7F-9531-9DE30534EEF4}
	EndGlobalSection
EndGlobal
